
Microsoft Visual Studio Solution File, Format Version 12.00
# Visual Studio 15
VisualStudioVersion = 15.0.26124.0
MinimumVisualStudioVersion = 15.0.26124.0
Project("{2150E333-8FDC-42A3-9474-1A3956D46DE8}") = "src", "src", "{6BFF1F6C-72C3-4EF0-8730-9D7BDA6405B0}"
EndProject
Project("{FAE04EC0-301F-11D3-BF4B-00C04F79EFBC}") = "GradeBook", "src\GradeBook\GradeBook.csproj", "{85F3B53B-76B6-4B7D-AEC5-E9992BD29CF0}"
EndProject
Project("{2150E333-8FDC-42A3-9474-1A3956D46DE8}") = "test", "test", "{9A36305B-620D-4A8C-B8F0-20370BA06CED}"
EndProject
Project("{FAE04EC0-301F-11D3-BF4B-00C04F79EFBC}") = "GradeBook.Tests", "test\GradeBook.Tests\GradeBook.Tests.csproj", "{0C2FDECC-DBA3-4D6E-959B-84B9DA96D672}"
EndProject
Global
	GlobalSection(SolutionConfigurationPlatforms) = preSolution
		Debug|Any CPU = Debug|Any CPU
		Debug|x64 = Debug|x64
		Debug|x86 = Debug|x86
		Release|Any CPU = Release|Any CPU
		Release|x64 = Release|x64
		Release|x86 = Release|x86
	EndGlobalSection
	GlobalSection(SolutionProperties) = preSolution
		HideSolutionNode = FALSE
	EndGlobalSection
	GlobalSection(ProjectConfigurationPlatforms) = postSolution
		{85F3B53B-76B6-4B7D-AEC5-E9992BD29CF0}.Debug|Any CPU.ActiveCfg = Debug|Any CPU
		{85F3B53B-76B6-4B7D-AEC5-E9992BD29CF0}.Debug|Any CPU.Build.0 = Debug|Any CPU
		{85F3B53B-76B6-4B7D-AEC5-E9992BD29CF0}.Debug|x64.ActiveCfg = Debug|Any CPU
		{85F3B53B-76B6-4B7D-AEC5-E9992BD29CF0}.Debug|x64.Build.0 = Debug|Any CPU
		{85F3B53B-76B6-4B7D-AEC5-E9992BD29CF0}.Debug|x86.ActiveCfg = Debug|Any CPU
		{85F3B53B-76B6-4B7D-AEC5-E9992BD29CF0}.Debug|x86.Build.0 = Debug|Any CPU
		{85F3B53B-76B6-4B7D-AEC5-E9992BD29CF0}.Release|Any CPU.ActiveCfg = Release|Any CPU
		{85F3B53B-76B6-4B7D-AEC5-E9992BD29CF0}.Release|Any CPU.Build.0 = Release|Any CPU
		{85F3B53B-76B6-4B7D-AEC5-E9992BD29CF0}.Release|x64.ActiveCfg = Release|Any CPU
		{85F3B53B-76B6-4B7D-AEC5-E9992BD29CF0}.Release|x64.Build.0 = Release|Any CPU
		{85F3B53B-76B6-4B7D-AEC5-E9992BD29CF0}.Release|x86.ActiveCfg = Release|Any CPU
		{85F3B53B-76B6-4B7D-AEC5-E9992BD29CF0}.Release|x86.Build.0 = Release|Any CPU
		{0C2FDECC-DBA3-4D6E-959B-84B9DA96D672}.Debug|Any CPU.ActiveCfg = Debug|Any CPU
		{0C2FDECC-DBA3-4D6E-959B-84B9DA96D672}.Debug|Any CPU.Build.0 = Debug|Any CPU
		{0C2FDECC-DBA3-4D6E-959B-84B9DA96D672}.Debug|x64.ActiveCfg = Debug|Any CPU
		{0C2FDECC-DBA3-4D6E-959B-84B9DA96D672}.Debug|x64.Build.0 = Debug|Any CPU
		{0C2FDECC-DBA3-4D6E-959B-84B9DA96D672}.Debug|x86.ActiveCfg = Debug|Any CPU
		{0C2FDECC-DBA3-4D6E-959B-84B9DA96D672}.Debug|x86.Build.0 = Debug|Any CPU
		{0C2FDECC-DBA3-4D6E-959B-84B9DA96D672}.Release|Any CPU.ActiveCfg = Release|Any CPU
		{0C2FDECC-DBA3-4D6E-959B-84B9DA96D672}.Release|Any CPU.Build.0 = Release|Any CPU
		{0C2FDECC-DBA3-4D6E-959B-84B9DA96D672}.Release|x64.ActiveCfg = Release|Any CPU
		{0C2FDECC-DBA3-4D6E-959B-84B9DA96D672}.Release|x64.Build.0 = Release|Any CPU
		{0C2FDECC-DBA3-4D6E-959B-84B9DA96D672}.Release|x86.ActiveCfg = Release|Any CPU
		{0C2FDECC-DBA3-4D6E-959B-84B9DA96D672}.Release|x86.Build.0 = Release|Any CPU
	EndGlobalSection
	GlobalSection(NestedProjects) = preSolution
		{85F3B53B-76B6-4B7D-AEC5-E9992BD29CF0} = {6BFF1F6C-72C3-4EF0-8730-9D7BDA6405B0}
		{0C2FDECC-DBA3-4D6E-959B-84B9DA96D672} = {9A36305B-620D-4A8C-B8F0-20370BA06CED}
	EndGlobalSection
EndGlobal
